
Microsoft Visual Studio Solution File, Format Version 12.00
# Visual Studio Version 17
VisualStudioVersion = 17.14.36121.58 d17.14
MinimumVisualStudioVersion = 10.0.40219.1
Project("{FAE04EC0-301F-11D3-BF4B-00C04F79EFBC}") = "37-working_with_jQuery", "37-working_with_jQuery\37-working_with_jQuery.csproj", "{0914E297-38EE-44A4-809C-BA086DAD03A8}"
EndProject
Global
	GlobalSection(SolutionConfigurationPlatforms) = preSolution
		Debug|Any CPU = Debug|Any CPU
		Release|Any CPU = Release|Any CPU
	EndGlobalSection
	GlobalSection(ProjectConfigurationPlatforms) = postSolution
		{0914E297-38EE-44A4-809C-BA086DAD03A8}.Debug|Any CPU.ActiveCfg = Debug|Any CPU
		{0914E297-38EE-44A4-809C-BA086DAD03A8}.Debug|Any CPU.Build.0 = Debug|Any CPU
		{0914E297-38EE-44A4-809C-BA086DAD03A8}.Release|Any CPU.ActiveCfg = Release|Any CPU
		{0914E297-38EE-44A4-809C-BA086DAD03A8}.Release|Any CPU.Build.0 = Release|Any CPU
	EndGlobalSection
	GlobalSection(SolutionProperties) = preSolution
		HideSolutionNode = FALSE
	EndGlobalSection
	GlobalSection(ExtensibilityGlobals) = postSolution
		SolutionGuid = {EC4A650C-1114-401B-A64E-84C8D83A0599}
	EndGlobalSection
EndGlobal
