
Microsoft Visual Studio Solution File, Format Version 12.00
# Visual Studio Version 17
VisualStudioVersion = 17.12.35527.113 d17.12
MinimumVisualStudioVersion = 10.0.40219.1
Project("{FAE04EC0-301F-11D3-BF4B-00C04F79EFBC}") = "25-login_form_with_database_session_logout", "25-login_form_with_database_session_logout\25-login_form_with_database_session_logout.csproj", "{249EFEBE-E3B0-49D4-975E-5CFD0A2DC426}"
EndProject
Global
	GlobalSection(SolutionConfigurationPlatforms) = preSolution
		Debug|Any CPU = Debug|Any CPU
		Release|Any CPU = Release|Any CPU
	EndGlobalSection
	GlobalSection(ProjectConfigurationPlatforms) = postSolution
		{249EFEBE-E3B0-49D4-975E-5CFD0A2DC426}.Debug|Any CPU.ActiveCfg = Debug|Any CPU
		{249EFEBE-E3B0-49D4-975E-5CFD0A2DC426}.Debug|Any CPU.Build.0 = Debug|Any CPU
		{249EFEBE-E3B0-49D4-975E-5CFD0A2DC426}.Release|Any CPU.ActiveCfg = Release|Any CPU
		{249EFEBE-E3B0-49D4-975E-5CFD0A2DC426}.Release|Any CPU.Build.0 = Release|Any CPU
	EndGlobalSection
	GlobalSection(SolutionProperties) = preSolution
		HideSolutionNode = FALSE
	EndGlobalSection
EndGlobal
