
Microsoft Visual Studio Solution File, Format Version 12.00
# Visual Studio Version 17
VisualStudioVersion = 17.14.36121.58 d17.14
MinimumVisualStudioVersion = 10.0.40219.1
Project("{FAE04EC0-301F-11D3-BF4B-00C04F79EFBC}") = "39-bind_model_to_view", "39-bind_model_to_view\39-bind_model_to_view.csproj", "{3BB10107-90BD-44D0-A9B7-94A7841F278D}"
EndProject
Global
	GlobalSection(SolutionConfigurationPlatforms) = preSolution
		Debug|Any CPU = Debug|Any CPU
		Release|Any CPU = Release|Any CPU
	EndGlobalSection
	GlobalSection(ProjectConfigurationPlatforms) = postSolution
		{3BB10107-90BD-44D0-A9B7-94A7841F278D}.Debug|Any CPU.ActiveCfg = Debug|Any CPU
		{3BB10107-90BD-44D0-A9B7-94A7841F278D}.Debug|Any CPU.Build.0 = Debug|Any CPU
		{3BB10107-90BD-44D0-A9B7-94A7841F278D}.Release|Any CPU.ActiveCfg = Release|Any CPU
		{3BB10107-90BD-44D0-A9B7-94A7841F278D}.Release|Any CPU.Build.0 = Release|Any CPU
	EndGlobalSection
	GlobalSection(SolutionProperties) = preSolution
		HideSolutionNode = FALSE
	EndGlobalSection
	GlobalSection(ExtensibilityGlobals) = postSolution
		SolutionGuid = {32BE59AF-139B-42C2-83D0-3633E509FD26}
	EndGlobalSection
EndGlobal
