
Microsoft Visual Studio Solution File, Format Version 12.00
# Visual Studio Version 17
VisualStudioVersion = 17.12.35527.113 d17.12
MinimumVisualStudioVersion = 10.0.40219.1
Project("{FAE04EC0-301F-11D3-BF4B-00C04F79EFBC}") = "23-database_first_approach", "23-database_first_approach\23-database_first_approach.csproj", "{89F21669-DE59-4CE1-AE84-01F89AF76F02}"
EndProject
Global
	GlobalSection(SolutionConfigurationPlatforms) = preSolution
		Debug|Any CPU = Debug|Any CPU
		Release|Any CPU = Release|Any CPU
	EndGlobalSection
	GlobalSection(ProjectConfigurationPlatforms) = postSolution
		{89F21669-DE59-4CE1-AE84-01F89AF76F02}.Debug|Any CPU.ActiveCfg = Debug|Any CPU
		{89F21669-DE59-4CE1-AE84-01F89AF76F02}.Debug|Any CPU.Build.0 = Debug|Any CPU
		{89F21669-DE59-4CE1-AE84-01F89AF76F02}.Release|Any CPU.ActiveCfg = Release|Any CPU
		{89F21669-DE59-4CE1-AE84-01F89AF76F02}.Release|Any CPU.Build.0 = Release|Any CPU
	EndGlobalSection
	GlobalSection(SolutionProperties) = preSolution
		HideSolutionNode = FALSE
	EndGlobalSection
EndGlobal
