
Microsoft Visual Studio Solution File, Format Version 12.00
# Visual Studio Version 17
VisualStudioVersion = 17.12.35527.113 d17.12
MinimumVisualStudioVersion = 10.0.40219.1
Project("{FAE04EC0-301F-11D3-BF4B-00C04F79EFBC}") = "12-passing_modeldata_from_controller_to_view", "12-passing_modeldata_from_controller_to_view\12-passing_modeldata_from_controller_to_view.csproj", "{9E0AF1B7-40D5-44CB-9D12-B57B6D35326B}"
EndProject
Global
	GlobalSection(SolutionConfigurationPlatforms) = preSolution
		Debug|Any CPU = Debug|Any CPU
		Release|Any CPU = Release|Any CPU
	EndGlobalSection
	GlobalSection(ProjectConfigurationPlatforms) = postSolution
		{9E0AF1B7-40D5-44CB-9D12-B57B6D35326B}.Debug|Any CPU.ActiveCfg = Debug|Any CPU
		{9E0AF1B7-40D5-44CB-9D12-B57B6D35326B}.Debug|Any CPU.Build.0 = Debug|Any CPU
		{9E0AF1B7-40D5-44CB-9D12-B57B6D35326B}.Release|Any CPU.ActiveCfg = Release|Any CPU
		{9E0AF1B7-40D5-44CB-9D12-B57B6D35326B}.Release|Any CPU.Build.0 = Release|Any CPU
	EndGlobalSection
	GlobalSection(SolutionProperties) = preSolution
		HideSolutionNode = FALSE
	EndGlobalSection
EndGlobal
