
Microsoft Visual Studio Solution File, Format Version 12.00
# Visual Studio Version 17
VisualStudioVersion = 17.12.35527.113 d17.12
MinimumVisualStudioVersion = 10.0.40219.1
Project("{FAE04EC0-301F-11D3-BF4B-00C04F79EFBC}") = "10-model_in_mvc", "10-model_in_mvc\10-model_in_mvc.csproj", "{43E121DE-465E-4282-A1DC-29228FDE042E}"
EndProject
Global
	GlobalSection(SolutionConfigurationPlatforms) = preSolution
		Debug|Any CPU = Debug|Any CPU
		Release|Any CPU = Release|Any CPU
	EndGlobalSection
	GlobalSection(ProjectConfigurationPlatforms) = postSolution
		{43E121DE-465E-4282-A1DC-29228FDE042E}.Debug|Any CPU.ActiveCfg = Debug|Any CPU
		{43E121DE-465E-4282-A1DC-29228FDE042E}.Debug|Any CPU.Build.0 = Debug|Any CPU
		{43E121DE-465E-4282-A1DC-29228FDE042E}.Release|Any CPU.ActiveCfg = Release|Any CPU
		{43E121DE-465E-4282-A1DC-29228FDE042E}.Release|Any CPU.Build.0 = Release|Any CPU
	EndGlobalSection
	GlobalSection(SolutionProperties) = preSolution
		HideSolutionNode = FALSE
	EndGlobalSection
EndGlobal
